// !$*UTF8*$!
{
	archiveVersion = 1;
	classes = {
	};
	objectVersion = 50;
	objects = {

/* Begin PBXBuildFile section */
		E4282AA825F768F80015655F /* CmdsViewController.swift in Sources */ = {isa = PBXBuildFile; fileRef = E4282AA725F768F80015655F /* CmdsViewController.swift */; };
		E446761625FA224B0008F5DF /* DataParser.m in Sources */ = {isa = PBXBuildFile; fileRef = E446761525FA224B0008F5DF /* DataParser.m */; };
		E4527F6025F61EC70008DE79 /* AppDelegate.swift in Sources */ = {isa = PBXBuildFile; fileRef = E4527F5F25F61EC70008DE79 /* AppDelegate.swift */; };
		E4527F6225F61EC70008DE79 /* SceneDelegate.swift in Sources */ = {isa = PBXBuildFile; fileRef = E4527F6125F61EC70008DE79 /* SceneDelegate.swift */; };
		E4527F6425F61EC70008DE79 /* NDefReadViewController.swift in Sources */ = {isa = PBXBuildFile; fileRef = E4527F6325F61EC70008DE79 /* NDefReadViewController.swift */; };
		E4527F6725F61EC80008DE79 /* Main.storyboard in Resources */ = {isa = PBXBuildFile; fileRef = E4527F6525F61EC80008DE79 /* Main.storyboard */; };
		E4527F6925F61EC80008DE79 /* Assets.xcassets in Resources */ = {isa = PBXBuildFile; fileRef = E4527F6825F61EC80008DE79 /* Assets.xcassets */; };
		E4527F6C25F61EC80008DE79 /* LaunchScreen.storyboard in Resources */ = {isa = PBXBuildFile; fileRef = E4527F6A25F61EC80008DE79 /* LaunchScreen.storyboard */; };
		E4527F7625F6207E0008DE79 /* NDefWriteViewController.swift in Sources */ = {isa = PBXBuildFile; fileRef = E4527F7525F6207E0008DE79 /* NDefWriteViewController.swift */; };
		E4C8273425F7C7CC002D37AA /* NTAG_I2C_LIB.m in Sources */ = {isa = PBXBuildFile; fileRef = E4C8271125F7C7CC002D37AA /* NTAG_I2C_LIB.m */; };
		E4C8273525F7C7CC002D37AA /* NtagUtils.m in Sources */ = {isa = PBXBuildFile; fileRef = E4C8271425F7C7CC002D37AA /* NtagUtils.m */; };
		E4C8273625F7C7CC002D37AA /* TextRecord.m in Sources */ = {isa = PBXBuildFile; fileRef = E4C8271C25F7C7CC002D37AA /* TextRecord.m */; };
		E4C8273725F7C7CC002D37AA /* BTRecord.m in Sources */ = {isa = PBXBuildFile; fileRef = E4C8271F25F7C7CC002D37AA /* BTRecord.m */; };
		E4C8273825F7C7CC002D37AA /* SmartPosterRecord.m in Sources */ = {isa = PBXBuildFile; fileRef = E4C8272325F7C7CC002D37AA /* SmartPosterRecord.m */; };
		E4C8273925F7C7CC002D37AA /* UriRecord.m in Sources */ = {isa = PBXBuildFile; fileRef = E4C8272525F7C7CC002D37AA /* UriRecord.m */; };
		E4C8273A25F7C7CC002D37AA /* ExternalRecord.m in Sources */ = {isa = PBXBuildFile; fileRef = E4C8272A25F7C7CC002D37AA /* ExternalRecord.m */; };
		E4C8273B25F7C7CC002D37AA /* Record.m in Sources */ = {isa = PBXBuildFile; fileRef = E4C8272B25F7C7CC002D37AA /* Record.m */; };
		E4C8273C25F7C7CC002D37AA /* MIMERecord.m in Sources */ = {isa = PBXBuildFile; fileRef = E4C8272E25F7C7CC002D37AA /* MIMERecord.m */; };
		E4C8273D25F7C7CC002D37AA /* Message.m in Sources */ = {isa = PBXBuildFile; fileRef = E4C8273025F7C7CC002D37AA /* Message.m */; };
		E4C8273E25F7C7CC002D37AA /* Ntag_Get_Version.m in Sources */ = {isa = PBXBuildFile; fileRef = E4C8273225F7C7CC002D37AA /* Ntag_Get_Version.m */; };
/* End PBXBuildFile section */

/* Begin PBXFileReference section */
		E4282AA725F768F80015655F /* CmdsViewController.swift */ = {isa = PBXFileReference; lastKnownFileType = sourcecode.swift; path = CmdsViewController.swift; sourceTree = "<group>"; };
		E446761425FA224B0008F5DF /* DataParser.h */ = {isa = PBXFileReference; lastKnownFileType = sourcecode.c.h; path = DataParser.h; sourceTree = "<group>"; };
		E446761525FA224B0008F5DF /* DataParser.m */ = {isa = PBXFileReference; lastKnownFileType = sourcecode.c.objc; path = DataParser.m; sourceTree = "<group>"; };
		E4527F5C25F61EC70008DE79 /* NTAG Read Write.app */ = {isa = PBXFileReference; explicitFileType = wrapper.application; includeInIndex = 0; path = "NTAG Read Write.app"; sourceTree = BUILT_PRODUCTS_DIR; };
		E4527F5F25F61EC70008DE79 /* AppDelegate.swift */ = {isa = PBXFileReference; lastKnownFileType = sourcecode.swift; path = AppDelegate.swift; sourceTree = "<group>"; };
		E4527F6125F61EC70008DE79 /* SceneDelegate.swift */ = {isa = PBXFileReference; lastKnownFileType = sourcecode.swift; path = SceneDelegate.swift; sourceTree = "<group>"; };
		E4527F6325F61EC70008DE79 /* NDefReadViewController.swift */ = {isa = PBXFileReference; lastKnownFileType = sourcecode.swift; path = NDefReadViewController.swift; sourceTree = "<group>"; };
		E4527F6625F61EC80008DE79 /* Base */ = {isa = PBXFileReference; lastKnownFileType = file.storyboard; name = Base; path = Base.lproj/Main.storyboard; sourceTree = "<group>"; };
		E4527F6825F61EC80008DE79 /* Assets.xcassets */ = {isa = PBXFileReference; lastKnownFileType = folder.assetcatalog; path = Assets.xcassets; sourceTree = "<group>"; };
		E4527F6B25F61EC80008DE79 /* Base */ = {isa = PBXFileReference; lastKnownFileType = file.storyboard; name = Base; path = Base.lproj/LaunchScreen.storyboard; sourceTree = "<group>"; };
		E4527F6D25F61EC80008DE79 /* Info.plist */ = {isa = PBXFileReference; lastKnownFileType = text.plist.xml; path = Info.plist; sourceTree = "<group>"; };
		E4527F7525F6207E0008DE79 /* NDefWriteViewController.swift */ = {isa = PBXFileReference; lastKnownFileType = sourcecode.swift; path = NDefWriteViewController.swift; sourceTree = "<group>"; };
		E4527F7A25F6218C0008DE79 /* NTAG Read Write.entitlements */ = {isa = PBXFileReference; lastKnownFileType = text.plist.entitlements; path = "NTAG Read Write.entitlements"; sourceTree = "<group>"; };
		E4C8271025F7C7CB002D37AA /* NTAG Read Write-Bridging-Header.h */ = {isa = PBXFileReference; lastKnownFileType = sourcecode.c.h; path = "NTAG Read Write-Bridging-Header.h"; sourceTree = "<group>"; };
		E4C8271125F7C7CC002D37AA /* NTAG_I2C_LIB.m */ = {isa = PBXFileReference; fileEncoding = 4; lastKnownFileType = sourcecode.c.objc; path = NTAG_I2C_LIB.m; sourceTree = "<group>"; };
		E4C8271225F7C7CC002D37AA /* Constants.h */ = {isa = PBXFileReference; fileEncoding = 4; lastKnownFileType = sourcecode.c.h; path = Constants.h; sourceTree = "<group>"; };
		E4C8271425F7C7CC002D37AA /* NtagUtils.m */ = {isa = PBXFileReference; fileEncoding = 4; lastKnownFileType = sourcecode.c.objc; path = NtagUtils.m; sourceTree = "<group>"; };
		E4C8271525F7C7CC002D37AA /* NtagUtils.h */ = {isa = PBXFileReference; fileEncoding = 4; lastKnownFileType = sourcecode.c.h; path = NtagUtils.h; sourceTree = "<group>"; };
		E4C8271625F7C7CC002D37AA /* NTAG_I2C_LIB.h */ = {isa = PBXFileReference; fileEncoding = 4; lastKnownFileType = sourcecode.c.h; path = NTAG_I2C_LIB.h; sourceTree = "<group>"; };
		E4C8271C25F7C7CC002D37AA /* TextRecord.m */ = {isa = PBXFileReference; fileEncoding = 4; lastKnownFileType = sourcecode.c.objc; path = TextRecord.m; sourceTree = "<group>"; };
		E4C8271D25F7C7CC002D37AA /* TextRecord.h */ = {isa = PBXFileReference; fileEncoding = 4; lastKnownFileType = sourcecode.c.h; path = TextRecord.h; sourceTree = "<group>"; };
		E4C8271F25F7C7CC002D37AA /* BTRecord.m */ = {isa = PBXFileReference; fileEncoding = 4; lastKnownFileType = sourcecode.c.objc; path = BTRecord.m; sourceTree = "<group>"; };
		E4C8272025F7C7CC002D37AA /* BTRecord.h */ = {isa = PBXFileReference; fileEncoding = 4; lastKnownFileType = sourcecode.c.h; path = BTRecord.h; sourceTree = "<group>"; };
		E4C8272225F7C7CC002D37AA /* SmartPosterRecord.h */ = {isa = PBXFileReference; fileEncoding = 4; lastKnownFileType = sourcecode.c.h; path = SmartPosterRecord.h; sourceTree = "<group>"; };
		E4C8272325F7C7CC002D37AA /* SmartPosterRecord.m */ = {isa = PBXFileReference; fileEncoding = 4; lastKnownFileType = sourcecode.c.objc; path = SmartPosterRecord.m; sourceTree = "<group>"; };
		E4C8272525F7C7CC002D37AA /* UriRecord.m */ = {isa = PBXFileReference; fileEncoding = 4; lastKnownFileType = sourcecode.c.objc; path = UriRecord.m; sourceTree = "<group>"; };
		E4C8272625F7C7CC002D37AA /* UriRecord.h */ = {isa = PBXFileReference; fileEncoding = 4; lastKnownFileType = sourcecode.c.h; path = UriRecord.h; sourceTree = "<group>"; };
		E4C8272725F7C7CC002D37AA /* Record.h */ = {isa = PBXFileReference; fileEncoding = 4; lastKnownFileType = sourcecode.c.h; path = Record.h; sourceTree = "<group>"; };
		E4C8272925F7C7CC002D37AA /* ExternalRecord.h */ = {isa = PBXFileReference; fileEncoding = 4; lastKnownFileType = sourcecode.c.h; path = ExternalRecord.h; sourceTree = "<group>"; };
		E4C8272A25F7C7CC002D37AA /* ExternalRecord.m */ = {isa = PBXFileReference; fileEncoding = 4; lastKnownFileType = sourcecode.c.objc; path = ExternalRecord.m; sourceTree = "<group>"; };
		E4C8272B25F7C7CC002D37AA /* Record.m */ = {isa = PBXFileReference; fileEncoding = 4; lastKnownFileType = sourcecode.c.objc; path = Record.m; sourceTree = "<group>"; };
		E4C8272D25F7C7CC002D37AA /* MIMERecord.h */ = {isa = PBXFileReference; fileEncoding = 4; lastKnownFileType = sourcecode.c.h; path = MIMERecord.h; sourceTree = "<group>"; };
		E4C8272E25F7C7CC002D37AA /* MIMERecord.m */ = {isa = PBXFileReference; fileEncoding = 4; lastKnownFileType = sourcecode.c.objc; path = MIMERecord.m; sourceTree = "<group>"; };
		E4C8272F25F7C7CC002D37AA /* Message.h */ = {isa = PBXFileReference; fileEncoding = 4; lastKnownFileType = sourcecode.c.h; path = Message.h; sourceTree = "<group>"; };
		E4C8273025F7C7CC002D37AA /* Message.m */ = {isa = PBXFileReference; fileEncoding = 4; lastKnownFileType = sourcecode.c.objc; path = Message.m; sourceTree = "<group>"; };
		E4C8273225F7C7CC002D37AA /* Ntag_Get_Version.m */ = {isa = PBXFileReference; fileEncoding = 4; lastKnownFileType = sourcecode.c.objc; path = Ntag_Get_Version.m; sourceTree = "<group>"; };
		E4C8273325F7C7CC002D37AA /* Ntag_Get_Version.h */ = {isa = PBXFileReference; fileEncoding = 4; lastKnownFileType = sourcecode.c.h; path = Ntag_Get_Version.h; sourceTree = "<group>"; };
/* End PBXFileReference section */

/* Begin PBXFrameworksBuildPhase section */
		E4527F5925F61EC70008DE79 /* Frameworks */ = {
			isa = PBXFrameworksBuildPhase;
			buildActionMask = 2147483647;
			files = (
			);
			runOnlyForDeploymentPostprocessing = 0;
		};
/* End PBXFrameworksBuildPhase section */

/* Begin PBXGroup section */
		E4527F5325F61EC70008DE79 = {
			isa = PBXGroup;
			children = (
				E4527F5E25F61EC70008DE79 /* NTAG Read Write */,
				E4527F5D25F61EC70008DE79 /* Products */,
			);
			sourceTree = "<group>";
		};
		E4527F5D25F61EC70008DE79 /* Products */ = {
			isa = PBXGroup;
			children = (
				E4527F5C25F61EC70008DE79 /* NTAG Read Write.app */,
			);
			name = Products;
			sourceTree = "<group>";
		};
		E4527F5E25F61EC70008DE79 /* NTAG Read Write */ = {
			isa = PBXGroup;
			children = (
				E4C8270F25F7C7A2002D37AA /* Lib */,
				E4527F7A25F6218C0008DE79 /* NTAG Read Write.entitlements */,
				E4527F5F25F61EC70008DE79 /* AppDelegate.swift */,
				E4527F6125F61EC70008DE79 /* SceneDelegate.swift */,
				E4527F6325F61EC70008DE79 /* NDefReadViewController.swift */,
				E4527F7525F6207E0008DE79 /* NDefWriteViewController.swift */,
				E4282AA725F768F80015655F /* CmdsViewController.swift */,
				E4527F6525F61EC80008DE79 /* Main.storyboard */,
				E4527F6825F61EC80008DE79 /* Assets.xcassets */,
				E4527F6A25F61EC80008DE79 /* LaunchScreen.storyboard */,
				E4527F6D25F61EC80008DE79 /* Info.plist */,
			);
			path = "NTAG Read Write";
			sourceTree = "<group>";
		};
		E4C8270F25F7C7A2002D37AA /* Lib */ = {
			isa = PBXGroup;
			children = (
				E4C8271225F7C7CC002D37AA /* Constants.h */,
				E4C8271725F7C7CC002D37AA /* Models */,
				E4C8271625F7C7CC002D37AA /* NTAG_I2C_LIB.h */,
				E4C8271125F7C7CC002D37AA /* NTAG_I2C_LIB.m */,
				E4C8271325F7C7CC002D37AA /* Utils */,
				E4C8271025F7C7CB002D37AA /* NTAG Read Write-Bridging-Header.h */,
			);
			path = Lib;
			sourceTree = "<group>";
		};
		E4C8271325F7C7CC002D37AA /* Utils */ = {
			isa = PBXGroup;
			children = (
				E4C8271425F7C7CC002D37AA /* NtagUtils.m */,
				E4C8271525F7C7CC002D37AA /* NtagUtils.h */,
				E446761425FA224B0008F5DF /* DataParser.h */,
				E446761525FA224B0008F5DF /* DataParser.m */,
			);
			path = Utils;
			sourceTree = "<group>";
		};
		E4C8271725F7C7CC002D37AA /* Models */ = {
			isa = PBXGroup;
			children = (
				E4C8271825F7C7CC002D37AA /* NDEF Message */,
				E4C8273125F7C7CC002D37AA /* Ntag_Get_Version */,
			);
			path = Models;
			sourceTree = "<group>";
		};
		E4C8271825F7C7CC002D37AA /* NDEF Message */ = {
			isa = PBXGroup;
			children = (
				E4C8271925F7C7CC002D37AA /* Record */,
				E4C8272F25F7C7CC002D37AA /* Message.h */,
				E4C8273025F7C7CC002D37AA /* Message.m */,
			);
			path = "NDEF Message";
			sourceTree = "<group>";
		};
		E4C8271925F7C7CC002D37AA /* Record */ = {
			isa = PBXGroup;
			children = (
				E4C8271A25F7C7CC002D37AA /* Well Known Record */,
				E4C8272725F7C7CC002D37AA /* Record.h */,
				E4C8272825F7C7CC002D37AA /* External Record */,
				E4C8272B25F7C7CC002D37AA /* Record.m */,
				E4C8272C25F7C7CC002D37AA /* MIME Record */,
			);
			path = Record;
			sourceTree = "<group>";
		};
		E4C8271A25F7C7CC002D37AA /* Well Known Record */ = {
			isa = PBXGroup;
			children = (
				E4C8271B25F7C7CC002D37AA /* Text Record */,
				E4C8271E25F7C7CC002D37AA /* BT Record */,
				E4C8272125F7C7CC002D37AA /* SmartPoster Record */,
				E4C8272425F7C7CC002D37AA /* URI Record */,
			);
			path = "Well Known Record";
			sourceTree = "<group>";
		};
		E4C8271B25F7C7CC002D37AA /* Text Record */ = {
			isa = PBXGroup;
			children = (
				E4C8271C25F7C7CC002D37AA /* TextRecord.m */,
				E4C8271D25F7C7CC002D37AA /* TextRecord.h */,
			);
			path = "Text Record";
			sourceTree = "<group>";
		};
		E4C8271E25F7C7CC002D37AA /* BT Record */ = {
			isa = PBXGroup;
			children = (
				E4C8271F25F7C7CC002D37AA /* BTRecord.m */,
				E4C8272025F7C7CC002D37AA /* BTRecord.h */,
			);
			path = "BT Record";
			sourceTree = "<group>";
		};
		E4C8272125F7C7CC002D37AA /* SmartPoster Record */ = {
			isa = PBXGroup;
			children = (
				E4C8272225F7C7CC002D37AA /* SmartPosterRecord.h */,
				E4C8272325F7C7CC002D37AA /* SmartPosterRecord.m */,
			);
			path = "SmartPoster Record";
			sourceTree = "<group>";
		};
		E4C8272425F7C7CC002D37AA /* URI Record */ = {
			isa = PBXGroup;
			children = (
				E4C8272525F7C7CC002D37AA /* UriRecord.m */,
				E4C8272625F7C7CC002D37AA /* UriRecord.h */,
			);
			path = "URI Record";
			sourceTree = "<group>";
		};
		E4C8272825F7C7CC002D37AA /* External Record */ = {
			isa = PBXGroup;
			children = (
				E4C8272925F7C7CC002D37AA /* ExternalRecord.h */,
				E4C8272A25F7C7CC002D37AA /* ExternalRecord.m */,
			);
			path = "External Record";
			sourceTree = "<group>";
		};
		E4C8272C25F7C7CC002D37AA /* MIME Record */ = {
			isa = PBXGroup;
			children = (
				E4C8272D25F7C7CC002D37AA /* MIMERecord.h */,
				E4C8272E25F7C7CC002D37AA /* MIMERecord.m */,
			);
			path = "MIME Record";
			sourceTree = "<group>";
		};
		E4C8273125F7C7CC002D37AA /* Ntag_Get_Version */ = {
			isa = PBXGroup;
			children = (
				E4C8273225F7C7CC002D37AA /* Ntag_Get_Version.m */,
				E4C8273325F7C7CC002D37AA /* Ntag_Get_Version.h */,
			);
			path = Ntag_Get_Version;
			sourceTree = "<group>";
		};
/* End PBXGroup section */

/* Begin PBXNativeTarget section */
		E4527F5B25F61EC70008DE79 /* NTAG Read Write */ = {
			isa = PBXNativeTarget;
			buildConfigurationList = E4527F7025F61EC80008DE79 /* Build configuration list for PBXNativeTarget "NTAG Read Write" */;
			buildPhases = (
				E4527F5825F61EC70008DE79 /* Sources */,
				E4527F5925F61EC70008DE79 /* Frameworks */,
				E4527F5A25F61EC70008DE79 /* Resources */,
			);
			buildRules = (
			);
			dependencies = (
			);
			name = "NTAG Read Write";
			productName = "NTAG Read Write";
			productReference = E4527F5C25F61EC70008DE79 /* NTAG Read Write.app */;
			productType = "com.apple.product-type.application";
		};
/* End PBXNativeTarget section */

/* Begin PBXProject section */
		E4527F5425F61EC70008DE79 /* Project object */ = {
			isa = PBXProject;
			attributes = {
				LastSwiftUpdateCheck = 1240;
				LastUpgradeCheck = 1240;
				TargetAttributes = {
					E4527F5B25F61EC70008DE79 = {
						CreatedOnToolsVersion = 12.4;
						LastSwiftMigration = 1240;
					};
				};
			};
			buildConfigurationList = E4527F5725F61EC70008DE79 /* Build configuration list for PBXProject "NTAG Read Write" */;
			compatibilityVersion = "Xcode 9.3";
			developmentRegion = en;
			hasScannedForEncodings = 0;
			knownRegions = (
				en,
				Base,
			);
			mainGroup = E4527F5325F61EC70008DE79;
			productRefGroup = E4527F5D25F61EC70008DE79 /* Products */;
			projectDirPath = "";
			projectRoot = "";
			targets = (
				E4527F5B25F61EC70008DE79 /* NTAG Read Write */,
			);
		};
/* End PBXProject section */

/* Begin PBXResourcesBuildPhase section */
		E4527F5A25F61EC70008DE79 /* Resources */ = {
			isa = PBXResourcesBuildPhase;
			buildActionMask = 2147483647;
			files = (
				E4527F6C25F61EC80008DE79 /* LaunchScreen.storyboard in Resources */,
				E4527F6925F61EC80008DE79 /* Assets.xcassets in Resources */,
				E4527F6725F61EC80008DE79 /* Main.storyboard in Resources */,
			);
			runOnlyForDeploymentPostprocessing = 0;
		};
/* End PBXResourcesBuildPhase section */

/* Begin PBXSourcesBuildPhase section */
		E4527F5825F61EC70008DE79 /* Sources */ = {
			isa = PBXSourcesBuildPhase;
			buildActionMask = 2147483647;
			files = (
				E4C8273C25F7C7CC002D37AA /* MIMERecord.m in Sources */,
				E4527F6425F61EC70008DE79 /* NDefReadViewController.swift in Sources */,
				E4C8273725F7C7CC002D37AA /* BTRecord.m in Sources */,
				E4C8273B25F7C7CC002D37AA /* Record.m in Sources */,
				E4C8273525F7C7CC002D37AA /* NtagUtils.m in Sources */,
				E4527F6025F61EC70008DE79 /* AppDelegate.swift in Sources */,
				E4C8273625F7C7CC002D37AA /* TextRecord.m in Sources */,
				E4C8273D25F7C7CC002D37AA /* Message.m in Sources */,
				E446761625FA224B0008F5DF /* DataParser.m in Sources */,
				E4C8273A25F7C7CC002D37AA /* ExternalRecord.m in Sources */,
				E4C8273425F7C7CC002D37AA /* NTAG_I2C_LIB.m in Sources */,
				E4527F6225F61EC70008DE79 /* SceneDelegate.swift in Sources */,
				E4C8273E25F7C7CC002D37AA /* Ntag_Get_Version.m in Sources */,
				E4C8273825F7C7CC002D37AA /* SmartPosterRecord.m in Sources */,
				E4527F7625F6207E0008DE79 /* NDefWriteViewController.swift in Sources */,
				E4282AA825F768F80015655F /* CmdsViewController.swift in Sources */,
				E4C8273925F7C7CC002D37AA /* UriRecord.m in Sources */,
			);
			runOnlyForDeploymentPostprocessing = 0;
		};
/* End PBXSourcesBuildPhase section */

/* Begin PBXVariantGroup section */
		E4527F6525F61EC80008DE79 /* Main.storyboard */ = {
			isa = PBXVariantGroup;
			children = (
				E4527F6625F61EC80008DE79 /* Base */,
			);
			name = Main.storyboard;
			sourceTree = "<group>";
		};
		E4527F6A25F61EC80008DE79 /* LaunchScreen.storyboard */ = {
			isa = PBXVariantGroup;
			children = (
				E4527F6B25F61EC80008DE79 /* Base */,
			);
			name = LaunchScreen.storyboard;
			sourceTree = "<group>";
		};
/* End PBXVariantGroup section */

/* Begin XCBuildConfiguration section */
		E4527F6E25F61EC80008DE79 /* Debug */ = {
			isa = XCBuildConfiguration;
			buildSettings = {
				ALWAYS_SEARCH_USER_PATHS = NO;
				CLANG_ANALYZER_NONNULL = YES;
				CLANG_ANALYZER_NUMBER_OBJECT_CONVERSION = YES_AGGRESSIVE;
				CLANG_CXX_LANGUAGE_STANDARD = "gnu++14";
				CLANG_CXX_LIBRARY = "libc++";
				CLANG_ENABLE_MODULES = YES;
				CLANG_ENABLE_OBJC_ARC = YES;
				CLANG_ENABLE_OBJC_WEAK = YES;
				CLANG_WARN_BLOCK_CAPTURE_AUTORELEASING = YES;
				CLANG_WARN_BOOL_CONVERSION = YES;
				CLANG_WARN_COMMA = YES;
				CLANG_WARN_CONSTANT_CONVERSION = YES;
				CLANG_WARN_DEPRECATED_OBJC_IMPLEMENTATIONS = YES;
				CLANG_WARN_DIRECT_OBJC_ISA_USAGE = YES_ERROR;
				CLANG_WARN_DOCUMENTATION_COMMENTS = YES;
				CLANG_WARN_EMPTY_BODY = YES;
				CLANG_WARN_ENUM_CONVERSION = YES;
				CLANG_WARN_INFINITE_RECURSION = YES;
				CLANG_WARN_INT_CONVERSION = YES;
				CLANG_WARN_NON_LITERAL_NULL_CONVERSION = YES;
				CLANG_WARN_OBJC_IMPLICIT_RETAIN_SELF = YES;
				CLANG_WARN_OBJC_LITERAL_CONVERSION = YES;
				CLANG_WARN_OBJC_ROOT_CLASS = YES_ERROR;
				CLANG_WARN_QUOTED_INCLUDE_IN_FRAMEWORK_HEADER = YES;
				CLANG_WARN_RANGE_LOOP_ANALYSIS = YES;
				CLANG_WARN_STRICT_PROTOTYPES = YES;
				CLANG_WARN_SUSPICIOUS_MOVE = YES;
				CLANG_WARN_UNGUARDED_AVAILABILITY = YES_AGGRESSIVE;
				CLANG_WARN_UNREACHABLE_CODE = YES;
				CLANG_WARN__DUPLICATE_METHOD_MATCH = YES;
				COPY_PHASE_STRIP = NO;
				DEBUG_INFORMATION_FORMAT = dwarf;
				ENABLE_STRICT_OBJC_MSGSEND = YES;
				ENABLE_TESTABILITY = YES;
				GCC_C_LANGUAGE_STANDARD = gnu11;
				GCC_DYNAMIC_NO_PIC = NO;
				GCC_NO_COMMON_BLOCKS = YES;
				GCC_OPTIMIZATION_LEVEL = 0;
				GCC_PREPROCESSOR_DEFINITIONS = (
					"DEBUG=1",
					"$(inherited)",
				);
				GCC_WARN_64_TO_32_BIT_CONVERSION = YES;
				GCC_WARN_ABOUT_RETURN_TYPE = YES_ERROR;
				GCC_WARN_UNDECLARED_SELECTOR = YES;
				GCC_WARN_UNINITIALIZED_AUTOS = YES_AGGRESSIVE;
				GCC_WARN_UNUSED_FUNCTION = YES;
				GCC_WARN_UNUSED_VARIABLE = YES;
				IPHONEOS_DEPLOYMENT_TARGET = 14.4;
				MTL_ENABLE_DEBUG_INFO = INCLUDE_SOURCE;
				MTL_FAST_MATH = YES;
				ONLY_ACTIVE_ARCH = YES;
				SDKROOT = iphoneos;
				SWIFT_ACTIVE_COMPILATION_CONDITIONS = DEBUG;
				SWIFT_OPTIMIZATION_LEVEL = "-Onone";
			};
			name = Debug;
		};
		E4527F6F25F61EC80008DE79 /* Release */ = {
			isa = XCBuildConfiguration;
			buildSettings = {
				ALWAYS_SEARCH_USER_PATHS = NO;
				CLANG_ANALYZER_NONNULL = YES;
				CLANG_ANALYZER_NUMBER_OBJECT_CONVERSION = YES_AGGRESSIVE;
				CLANG_CXX_LANGUAGE_STANDARD = "gnu++14";
				CLANG_CXX_LIBRARY = "libc++";
				CLANG_ENABLE_MODULES = YES;
				CLANG_ENABLE_OBJC_ARC = YES;
				CLANG_ENABLE_OBJC_WEAK = YES;
				CLANG_WARN_BLOCK_CAPTURE_AUTORELEASING = YES;
				CLANG_WARN_BOOL_CONVERSION = YES;
				CLANG_WARN_COMMA = YES;
				CLANG_WARN_CONSTANT_CONVERSION = YES;
				CLANG_WARN_DEPRECATED_OBJC_IMPLEMENTATIONS = YES;
				CLANG_WARN_DIRECT_OBJC_ISA_USAGE = YES_ERROR;
				CLANG_WARN_DOCUMENTATION_COMMENTS = YES;
				CLANG_WARN_EMPTY_BODY = YES;
				CLANG_WARN_ENUM_CONVERSION = YES;
				CLANG_WARN_INFINITE_RECURSION = YES;
				CLANG_WARN_INT_CONVERSION = YES;
				CLANG_WARN_NON_LITERAL_NULL_CONVERSION = YES;
				CLANG_WARN_OBJC_IMPLICIT_RETAIN_SELF = YES;
				CLANG_WARN_OBJC_LITERAL_CONVERSION = YES;
				CLANG_WARN_OBJC_ROOT_CLASS = YES_ERROR;
				CLANG_WARN_QUOTED_INCLUDE_IN_FRAMEWORK_HEADER = YES;
				CLANG_WARN_RANGE_LOOP_ANALYSIS = YES;
				CLANG_WARN_STRICT_PROTOTYPES = YES;
				CLANG_WARN_SUSPICIOUS_MOVE = YES;
				CLANG_WARN_UNGUARDED_AVAILABILITY = YES_AGGRESSIVE;
				CLANG_WARN_UNREACHABLE_CODE = YES;
				CLANG_WARN__DUPLICATE_METHOD_MATCH = YES;
				COPY_PHASE_STRIP = NO;
				DEBUG_INFORMATION_FORMAT = "dwarf-with-dsym";
				ENABLE_NS_ASSERTIONS = NO;
				ENABLE_STRICT_OBJC_MSGSEND = YES;
				GCC_C_LANGUAGE_STANDARD = gnu11;
				GCC_NO_COMMON_BLOCKS = YES;
				GCC_WARN_64_TO_32_BIT_CONVERSION = YES;
				GCC_WARN_ABOUT_RETURN_TYPE = YES_ERROR;
				GCC_WARN_UNDECLARED_SELECTOR = YES;
				GCC_WARN_UNINITIALIZED_AUTOS = YES_AGGRESSIVE;
				GCC_WARN_UNUSED_FUNCTION = YES;
				GCC_WARN_UNUSED_VARIABLE = YES;
				IPHONEOS_DEPLOYMENT_TARGET = 14.4;
				MTL_ENABLE_DEBUG_INFO = NO;
				MTL_FAST_MATH = YES;
				SDKROOT = iphoneos;
				SWIFT_COMPILATION_MODE = wholemodule;
				SWIFT_OPTIMIZATION_LEVEL = "-O";
				VALIDATE_PRODUCT = YES;
			};
			name = Release;
		};
		E4527F7125F61EC80008DE79 /* Debug */ = {
			isa = XCBuildConfiguration;
			buildSettings = {
				ASSETCATALOG_COMPILER_APPICON_NAME = AppIcon;
				ASSETCATALOG_COMPILER_GLOBAL_ACCENT_COLOR_NAME = AccentColor;
				CLANG_ENABLE_MODULES = YES;
				CODE_SIGN_ENTITLEMENTS = "NTAG Read Write/NTAG Read Write.entitlements";
				CODE_SIGN_STYLE = Automatic;
				CURRENT_PROJECT_VERSION = 4;
				DEVELOPMENT_TEAM = 6ZBXMFUFJ7;
				INFOPLIST_FILE = "NTAG Read Write/Info.plist";
				LD_RUNPATH_SEARCH_PATHS = (
					"$(inherited)",
					"@executable_path/Frameworks",
				);
				PRODUCT_BUNDLE_IDENTIFIER = "rgb.NTAG-Read-Write";
				PRODUCT_NAME = "$(TARGET_NAME)";
				SWIFT_OBJC_BRIDGING_HEADER = "NTAG Read Write/Lib/NTAG Read Write-Bridging-Header.h";
				SWIFT_OPTIMIZATION_LEVEL = "-Onone";
				SWIFT_VERSION = 5.0;
				TARGETED_DEVICE_FAMILY = "1,2";
			};
			name = Debug;
		};
		E4527F7225F61EC80008DE79 /* Release */ = {
			isa = XCBuildConfiguration;
			buildSettings = {
				ASSETCATALOG_COMPILER_APPICON_NAME = AppIcon;
				ASSETCATALOG_COMPILER_GLOBAL_ACCENT_COLOR_NAME = AccentColor;
				CLANG_ENABLE_MODULES = YES;
				CODE_SIGN_ENTITLEMENTS = "NTAG Read Write/NTAG Read Write.entitlements";
				CODE_SIGN_STYLE = Automatic;
				CURRENT_PROJECT_VERSION = 4;
				DEVELOPMENT_TEAM = 6ZBXMFUFJ7;
				INFOPLIST_FILE = "NTAG Read Write/Info.plist";
				LD_RUNPATH_SEARCH_PATHS = (
					"$(inherited)",
					"@executable_path/Frameworks",
				);
				PRODUCT_BUNDLE_IDENTIFIER = "rgb.NTAG-Read-Write";
				PRODUCT_NAME = "$(TARGET_NAME)";
				SWIFT_OBJC_BRIDGING_HEADER = "NTAG Read Write/Lib/NTAG Read Write-Bridging-Header.h";
				SWIFT_VERSION = 5.0;
				TARGETED_DEVICE_FAMILY = "1,2";
			};
			name = Release;
		};
/* End XCBuildConfiguration section */

/* Begin XCConfigurationList section */
		E4527F5725F61EC70008DE79 /* Build configuration list for PBXProject "NTAG Read Write" */ = {
			isa = XCConfigurationList;
			buildConfigurations = (
				E4527F6E25F61EC80008DE79 /* Debug */,
				E4527F6F25F61EC80008DE79 /* Release */,
			);
			defaultConfigurationIsVisible = 0;
			defaultConfigurationName = Release;
		};
		E4527F7025F61EC80008DE79 /* Build configuration list for PBXNativeTarget "NTAG Read Write" */ = {
			isa = XCConfigurationList;
			buildConfigurations = (
				E4527F7125F61EC80008DE79 /* Debug */,
				E4527F7225F61EC80008DE79 /* Release */,
			);
			defaultConfigurationIsVisible = 0;
			defaultConfigurationName = Release;
		};
/* End XCConfigurationList section */
	};
	rootObject = E4527F5425F61EC70008DE79 /* Project object */;
}
